
Microsoft Visual Studio Solution File, Format Version 12.00
# Visual Studio Version 17
VisualStudioVersion = 17.3.32929.385
MinimumVisualStudioVersion = 10.0.40219.1
Project("{FAE04EC0-301F-11D3-BF4B-00C04F79EFBC}") = "BasicStringsLab", "BasicStringsLab\BasicStringsLab.csproj", "{A6B8CCC0-DF36-48AF-84AF-00DDDAABF028}"
EndProject
Global
	GlobalSection(SolutionConfigurationPlatforms) = preSolution
		Debug|Any CPU = Debug|Any CPU
		Release|Any CPU = Release|Any CPU
	EndGlobalSection
	GlobalSection(ProjectConfigurationPlatforms) = postSolution
		{A6B8CCC0-DF36-48AF-84AF-00DDDAABF028}.Debug|Any CPU.ActiveCfg = Debug|Any CPU
		{A6B8CCC0-DF36-48AF-84AF-00DDDAABF028}.Debug|Any CPU.Build.0 = Debug|Any CPU
		{A6B8CCC0-DF36-48AF-84AF-00DDDAABF028}.Release|Any CPU.ActiveCfg = Release|Any CPU
		{A6B8CCC0-DF36-48AF-84AF-00DDDAABF028}.Release|Any CPU.Build.0 = Release|Any CPU
	EndGlobalSection
	GlobalSection(SolutionProperties) = preSolution
		HideSolutionNode = FALSE
	EndGlobalSection
	GlobalSection(ExtensibilityGlobals) = postSolution
		SolutionGuid = {C76189E3-8E66-4726-A2E5-CC0E59ECAE7F}
	EndGlobalSection
EndGlobal
